
Microsoft Visual Studio Solution File, Format Version 12.00
Project("{2150E333-8FDC-42A3-9474-1A3956D46DE8}") = "tests", "tests", "{DA1C6EB9-8A04-4517-A73F-8BE2065E94D3}"
EndProject
Project("{2150E333-8FDC-42A3-9474-1A3956D46DE8}") = "src", "src", "{75A6DB46-48BA-4D7A-89EB-7AD93547F081}"
EndProject
Project("{FAE04EC0-301F-11D3-BF4B-00C04F79EFBC}") = "Lab3", "Lab3\Lab3.csproj", "{F57DDDB1-96B0-4F5E-A518-4722882753F4}"
EndProject
Project("{FAE04EC0-301F-11D3-BF4B-00C04F79EFBC}") = "Tests", "Tests\Tests.csproj", "{43B66CE9-F268-4524-906E-B62B2C1C7C76}"
EndProject
Global
	GlobalSection(SolutionConfigurationPlatforms) = preSolution
		Debug|Any CPU = Debug|Any CPU
		Release|Any CPU = Release|Any CPU
	EndGlobalSection
	GlobalSection(NestedProjects) = preSolution
		{F57DDDB1-96B0-4F5E-A518-4722882753F4} = {75A6DB46-48BA-4D7A-89EB-7AD93547F081}
		{43B66CE9-F268-4524-906E-B62B2C1C7C76} = {DA1C6EB9-8A04-4517-A73F-8BE2065E94D3}
	EndGlobalSection
	GlobalSection(ProjectConfigurationPlatforms) = postSolution
		{F57DDDB1-96B0-4F5E-A518-4722882753F4}.Debug|Any CPU.ActiveCfg = Debug|Any CPU
		{F57DDDB1-96B0-4F5E-A518-4722882753F4}.Debug|Any CPU.Build.0 = Debug|Any CPU
		{F57DDDB1-96B0-4F5E-A518-4722882753F4}.Release|Any CPU.ActiveCfg = Release|Any CPU
		{F57DDDB1-96B0-4F5E-A518-4722882753F4}.Release|Any CPU.Build.0 = Release|Any CPU
		{43B66CE9-F268-4524-906E-B62B2C1C7C76}.Debug|Any CPU.ActiveCfg = Debug|Any CPU
		{43B66CE9-F268-4524-906E-B62B2C1C7C76}.Debug|Any CPU.Build.0 = Debug|Any CPU
		{43B66CE9-F268-4524-906E-B62B2C1C7C76}.Release|Any CPU.ActiveCfg = Release|Any CPU
		{43B66CE9-F268-4524-906E-B62B2C1C7C76}.Release|Any CPU.Build.0 = Release|Any CPU
	EndGlobalSection
EndGlobal
